
Microsoft Visual Studio Solution File, Format Version 12.00
# Visual Studio 15
VisualStudioVersion = 15.0.27703.2042
MinimumVisualStudioVersion = 10.0.40219.1
Project("{FAE04EC0-301F-11D3-BF4B-00C04F79EFBC}") = "Lab10Circle", "Lab10Circle\Lab10Circle.csproj", "{F097838D-63E6-48F8-8E8F-D9B2389DA71F}"
EndProject
Global
	GlobalSection(SolutionConfigurationPlatforms) = preSolution
		Debug|Any CPU = Debug|Any CPU
		Release|Any CPU = Release|Any CPU
	EndGlobalSection
	GlobalSection(ProjectConfigurationPlatforms) = postSolution
		{F097838D-63E6-48F8-8E8F-D9B2389DA71F}.Debug|Any CPU.ActiveCfg = Debug|Any CPU
		{F097838D-63E6-48F8-8E8F-D9B2389DA71F}.Debug|Any CPU.Build.0 = Debug|Any CPU
		{F097838D-63E6-48F8-8E8F-D9B2389DA71F}.Release|Any CPU.ActiveCfg = Release|Any CPU
		{F097838D-63E6-48F8-8E8F-D9B2389DA71F}.Release|Any CPU.Build.0 = Release|Any CPU
	EndGlobalSection
	GlobalSection(SolutionProperties) = preSolution
		HideSolutionNode = FALSE
	EndGlobalSection
	GlobalSection(ExtensibilityGlobals) = postSolution
		SolutionGuid = {C02692BD-5802-4EF6-A56C-FDEC6D642194}
	EndGlobalSection
EndGlobal
